// !$*UTF8*$!
{
	archiveVersion = 1;
	classes = {
	};
	objectVersion = 56;
	objects = {

/* Begin PBXBuildFile section */
		95242CBB2CD1632F00AFD35A /* swift_uppgift3App.swift in Sources */ = {isa = PBXBuildFile; fileRef = 95242CBA2CD1632F00AFD35A /* swift_uppgift3App.swift */; };
		95242CBD2CD1632F00AFD35A /* ContentView.swift in Sources */ = {isa = PBXBuildFile; fileRef = 95242CBC2CD1632F00AFD35A /* ContentView.swift */; };
		95242CBF2CD1633100AFD35A /* Assets.xcassets in Resources */ = {isa = PBXBuildFile; fileRef = 95242CBE2CD1633100AFD35A /* Assets.xcassets */; };
		95242CC22CD1633100AFD35A /* Preview Assets.xcassets in Resources */ = {isa = PBXBuildFile; fileRef = 95242CC12CD1633100AFD35A /* Preview Assets.xcassets */; };
		95242CCC2CD1633200AFD35A /* swift_uppgift3Tests.swift in Sources */ = {isa = PBXBuildFile; fileRef = 95242CCB2CD1633200AFD35A /* swift_uppgift3Tests.swift */; };
		95242CD62CD1633200AFD35A /* swift_uppgift3UITests.swift in Sources */ = {isa = PBXBuildFile; fileRef = 95242CD52CD1633200AFD35A /* swift_uppgift3UITests.swift */; };
		95242CD82CD1633200AFD35A /* swift_uppgift3UITestsLaunchTests.swift in Sources */ = {isa = PBXBuildFile; fileRef = 95242CD72CD1633200AFD35A /* swift_uppgift3UITestsLaunchTests.swift */; };
		9555958C2CD17A4F00AD48AA /* joke.swift in Sources */ = {isa = PBXBuildFile; fileRef = 9555958B2CD17A4F00AD48AA /* joke.swift */; };
/* End PBXBuildFile section */

/* Begin PBXContainerItemProxy section */
		95242CC82CD1633200AFD35A /* PBXContainerItemProxy */ = {
			isa = PBXContainerItemProxy;
			containerPortal = 95242CAF2CD1632F00AFD35A /* Project object */;
			proxyType = 1;
			remoteGlobalIDString = 95242CB62CD1632F00AFD35A;
			remoteInfo = "swift-uppgift3";
		};
		95242CD22CD1633200AFD35A /* PBXContainerItemProxy */ = {
			isa = PBXContainerItemProxy;
			containerPortal = 95242CAF2CD1632F00AFD35A /* Project object */;
			proxyType = 1;
			remoteGlobalIDString = 95242CB62CD1632F00AFD35A;
			remoteInfo = "swift-uppgift3";
		};
/* End PBXContainerItemProxy section */

/* Begin PBXFileReference section */
		95242CB72CD1632F00AFD35A /* swift-uppgift3.app */ = {isa = PBXFileReference; explicitFileType = wrapper.application; includeInIndex = 0; path = "swift-uppgift3.app"; sourceTree = BUILT_PRODUCTS_DIR; };
		95242CBA2CD1632F00AFD35A /* swift_uppgift3App.swift */ = {isa = PBXFileReference; lastKnownFileType = sourcecode.swift; path = swift_uppgift3App.swift; sourceTree = "<group>"; };
		95242CBC2CD1632F00AFD35A /* ContentView.swift */ = {isa = PBXFileReference; lastKnownFileType = sourcecode.swift; path = ContentView.swift; sourceTree = "<group>"; };
		95242CBE2CD1633100AFD35A /* Assets.xcassets */ = {isa = PBXFileReference; lastKnownFileType = folder.assetcatalog; path = Assets.xcassets; sourceTree = "<group>"; };
		95242CC12CD1633100AFD35A /* Preview Assets.xcassets */ = {isa = PBXFileReference; lastKnownFileType = folder.assetcatalog; path = "Preview Assets.xcassets"; sourceTree = "<group>"; };
		95242CC72CD1633200AFD35A /* swift-uppgift3Tests.xctest */ = {isa = PBXFileReference; explicitFileType = wrapper.cfbundle; includeInIndex = 0; path = "swift-uppgift3Tests.xctest"; sourceTree = BUILT_PRODUCTS_DIR; };
		95242CCB2CD1633200AFD35A /* swift_uppgift3Tests.swift */ = {isa = PBXFileReference; lastKnownFileType = sourcecode.swift; path = swift_uppgift3Tests.swift; sourceTree = "<group>"; };
		95242CD12CD1633200AFD35A /* swift-uppgift3UITests.xctest */ = {isa = PBXFileReference; explicitFileType = wrapper.cfbundle; includeInIndex = 0; path = "swift-uppgift3UITests.xctest"; sourceTree = BUILT_PRODUCTS_DIR; };
		95242CD52CD1633200AFD35A /* swift_uppgift3UITests.swift */ = {isa = PBXFileReference; lastKnownFileType = sourcecode.swift; path = swift_uppgift3UITests.swift; sourceTree = "<group>"; };
		95242CD72CD1633200AFD35A /* swift_uppgift3UITestsLaunchTests.swift */ = {isa = PBXFileReference; lastKnownFileType = sourcecode.swift; path = swift_uppgift3UITestsLaunchTests.swift; sourceTree = "<group>"; };
		9555958B2CD17A4F00AD48AA /* joke.swift */ = {isa = PBXFileReference; lastKnownFileType = sourcecode.swift; path = joke.swift; sourceTree = "<group>"; };
/* End PBXFileReference section */

/* Begin PBXFrameworksBuildPhase section */
		95242CB42CD1632F00AFD35A /* Frameworks */ = {
			isa = PBXFrameworksBuildPhase;
			buildActionMask = 2147483647;
			files = (
			);
			runOnlyForDeploymentPostprocessing = 0;
		};
		95242CC42CD1633200AFD35A /* Frameworks */ = {
			isa = PBXFrameworksBuildPhase;
			buildActionMask = 2147483647;
			files = (
			);
			runOnlyForDeploymentPostprocessing = 0;
		};
		95242CCE2CD1633200AFD35A /* Frameworks */ = {
			isa = PBXFrameworksBuildPhase;
			buildActionMask = 2147483647;
			files = (
			);
			runOnlyForDeploymentPostprocessing = 0;
		};
/* End PBXFrameworksBuildPhase section */

/* Begin PBXGroup section */
		95242CAE2CD1632F00AFD35A = {
			isa = PBXGroup;
			children = (
				95242CB92CD1632F00AFD35A /* swift-uppgift3 */,
				95242CCA2CD1633200AFD35A /* swift-uppgift3Tests */,
				95242CD42CD1633200AFD35A /* swift-uppgift3UITests */,
				95242CB82CD1632F00AFD35A /* Products */,
			);
			sourceTree = "<group>";
		};
		95242CB82CD1632F00AFD35A /* Products */ = {
			isa = PBXGroup;
			children = (
				95242CB72CD1632F00AFD35A /* swift-uppgift3.app */,
				95242CC72CD1633200AFD35A /* swift-uppgift3Tests.xctest */,
				95242CD12CD1633200AFD35A /* swift-uppgift3UITests.xctest */,
			);
			name = Products;
			sourceTree = "<group>";
		};
		95242CB92CD1632F00AFD35A /* swift-uppgift3 */ = {
			isa = PBXGroup;
			children = (
				95242CBA2CD1632F00AFD35A /* swift_uppgift3App.swift */,
				95242CBC2CD1632F00AFD35A /* ContentView.swift */,
				95242CBE2CD1633100AFD35A /* Assets.xcassets */,
				95242CC02CD1633100AFD35A /* Preview Content */,
				9555958B2CD17A4F00AD48AA /* joke.swift */,
			);
			path = "swift-uppgift3";
			sourceTree = "<group>";
		};
		95242CC02CD1633100AFD35A /* Preview Content */ = {
			isa = PBXGroup;
			children = (
				95242CC12CD1633100AFD35A /* Preview Assets.xcassets */,
			);
			path = "Preview Content";
			sourceTree = "<group>";
		};
		95242CCA2CD1633200AFD35A /* swift-uppgift3Tests */ = {
			isa = PBXGroup;
			children = (
				95242CCB2CD1633200AFD35A /* swift_uppgift3Tests.swift */,
			);
			path = "swift-uppgift3Tests";
			sourceTree = "<group>";
		};
		95242CD42CD1633200AFD35A /* swift-uppgift3UITests */ = {
			isa = PBXGroup;
			children = (
				95242CD52CD1633200AFD35A /* swift_uppgift3UITests.swift */,
				95242CD72CD1633200AFD35A /* swift_uppgift3UITestsLaunchTests.swift */,
			);
			path = "swift-uppgift3UITests";
			sourceTree = "<group>";
		};
/* End PBXGroup section */

/* Begin PBXNativeTarget section */
		95242CB62CD1632F00AFD35A /* swift-uppgift3 */ = {
			isa = PBXNativeTarget;
			buildConfigurationList = 95242CDB2CD1633200AFD35A /* Build configuration list for PBXNativeTarget "swift-uppgift3" */;
			buildPhases = (
				95242CB32CD1632F00AFD35A /* Sources */,
				95242CB42CD1632F00AFD35A /* Frameworks */,
				95242CB52CD1632F00AFD35A /* Resources */,
			);
			buildRules = (
			);
			dependencies = (
			);
			name = "swift-uppgift3";
			productName = "swift-uppgift3";
			productReference = 95242CB72CD1632F00AFD35A /* swift-uppgift3.app */;
			productType = "com.apple.product-type.application";
		};
		95242CC62CD1633200AFD35A /* swift-uppgift3Tests */ = {
			isa = PBXNativeTarget;
			buildConfigurationList = 95242CDE2CD1633200AFD35A /* Build configuration list for PBXNativeTarget "swift-uppgift3Tests" */;
			buildPhases = (
				95242CC32CD1633200AFD35A /* Sources */,
				95242CC42CD1633200AFD35A /* Frameworks */,
				95242CC52CD1633200AFD35A /* Resources */,
			);
			buildRules = (
			);
			dependencies = (
				95242CC92CD1633200AFD35A /* PBXTargetDependency */,
			);
			name = "swift-uppgift3Tests";
			productName = "swift-uppgift3Tests";
			productReference = 95242CC72CD1633200AFD35A /* swift-uppgift3Tests.xctest */;
			productType = "com.apple.product-type.bundle.unit-test";
		};
		95242CD02CD1633200AFD35A /* swift-uppgift3UITests */ = {
			isa = PBXNativeTarget;
			buildConfigurationList = 95242CE12CD1633200AFD35A /* Build configuration list for PBXNativeTarget "swift-uppgift3UITests" */;
			buildPhases = (
				95242CCD2CD1633200AFD35A /* Sources */,
				95242CCE2CD1633200AFD35A /* Frameworks */,
				95242CCF2CD1633200AFD35A /* Resources */,
			);
			buildRules = (
			);
			dependencies = (
				95242CD32CD1633200AFD35A /* PBXTargetDependency */,
			);
			name = "swift-uppgift3UITests";
			productName = "swift-uppgift3UITests";
			productReference = 95242CD12CD1633200AFD35A /* swift-uppgift3UITests.xctest */;
			productType = "com.apple.product-type.bundle.ui-testing";
		};
/* End PBXNativeTarget section */

/* Begin PBXProject section */
		95242CAF2CD1632F00AFD35A /* Project object */ = {
			isa = PBXProject;
			attributes = {
				BuildIndependentTargetsInParallel = 1;
				LastSwiftUpdateCheck = 1540;
				LastUpgradeCheck = 1540;
				TargetAttributes = {
					95242CB62CD1632F00AFD35A = {
						CreatedOnToolsVersion = 15.4;
					};
					95242CC62CD1633200AFD35A = {
						CreatedOnToolsVersion = 15.4;
						TestTargetID = 95242CB62CD1632F00AFD35A;
					};
					95242CD02CD1633200AFD35A = {
						CreatedOnToolsVersion = 15.4;
						TestTargetID = 95242CB62CD1632F00AFD35A;
					};
				};
			};
			buildConfigurationList = 95242CB22CD1632F00AFD35A /* Build configuration list for PBXProject "swift-uppgift3" */;
			compatibilityVersion = "Xcode 14.0";
			developmentRegion = en;
			hasScannedForEncodings = 0;
			knownRegions = (
				en,
				Base,
			);
			mainGroup = 95242CAE2CD1632F00AFD35A;
			productRefGroup = 95242CB82CD1632F00AFD35A /* Products */;
			projectDirPath = "";
			projectRoot = "";
			targets = (
				95242CB62CD1632F00AFD35A /* swift-uppgift3 */,
				95242CC62CD1633200AFD35A /* swift-uppgift3Tests */,
				95242CD02CD1633200AFD35A /* swift-uppgift3UITests */,
			);
		};
/* End PBXProject section */

/* Begin PBXResourcesBuildPhase section */
		95242CB52CD1632F00AFD35A /* Resources */ = {
			isa = PBXResourcesBuildPhase;
			buildActionMask = 2147483647;
			files = (
				95242CC22CD1633100AFD35A /* Preview Assets.xcassets in Resources */,
				95242CBF2CD1633100AFD35A /* Assets.xcassets in Resources */,
			);
			runOnlyForDeploymentPostprocessing = 0;
		};
		95242CC52CD1633200AFD35A /* Resources */ = {
			isa = PBXResourcesBuildPhase;
			buildActionMask = 2147483647;
			files = (
			);
			runOnlyForDeploymentPostprocessing = 0;
		};
		95242CCF2CD1633200AFD35A /* Resources */ = {
			isa = PBXResourcesBuildPhase;
			buildActionMask = 2147483647;
			files = (
			);
			runOnlyForDeploymentPostprocessing = 0;
		};
/* End PBXResourcesBuildPhase section */

/* Begin PBXSourcesBuildPhase section */
		95242CB32CD1632F00AFD35A /* Sources */ = {
			isa = PBXSourcesBuildPhase;
			buildActionMask = 2147483647;
			files = (
				95242CBD2CD1632F00AFD35A /* ContentView.swift in Sources */,
				95242CBB2CD1632F00AFD35A /* swift_uppgift3App.swift in Sources */,
				9555958C2CD17A4F00AD48AA /* joke.swift in Sources */,
			);
			runOnlyForDeploymentPostprocessing = 0;
		};
		95242CC32CD1633200AFD35A /* Sources */ = {
			isa = PBXSourcesBuildPhase;
			buildActionMask = 2147483647;
			files = (
				95242CCC2CD1633200AFD35A /* swift_uppgift3Tests.swift in Sources */,
			);
			runOnlyForDeploymentPostprocessing = 0;
		};
		95242CCD2CD1633200AFD35A /* Sources */ = {
			isa = PBXSourcesBuildPhase;
			buildActionMask = 2147483647;
			files = (
				95242CD82CD1633200AFD35A /* swift_uppgift3UITestsLaunchTests.swift in Sources */,
				95242CD62CD1633200AFD35A /* swift_uppgift3UITests.swift in Sources */,
			);
			runOnlyForDeploymentPostprocessing = 0;
		};
/* End PBXSourcesBuildPhase section */

/* Begin PBXTargetDependency section */
		95242CC92CD1633200AFD35A /* PBXTargetDependency */ = {
			isa = PBXTargetDependency;
			target = 95242CB62CD1632F00AFD35A /* swift-uppgift3 */;
			targetProxy = 95242CC82CD1633200AFD35A /* PBXContainerItemProxy */;
		};
		95242CD32CD1633200AFD35A /* PBXTargetDependency */ = {
			isa = PBXTargetDependency;
			target = 95242CB62CD1632F00AFD35A /* swift-uppgift3 */;
			targetProxy = 95242CD22CD1633200AFD35A /* PBXContainerItemProxy */;
		};
/* End PBXTargetDependency section */

/* Begin XCBuildConfiguration section */
		95242CD92CD1633200AFD35A /* Debug */ = {
			isa = XCBuildConfiguration;
			buildSettings = {
				ALWAYS_SEARCH_USER_PATHS = NO;
				ASSETCATALOG_COMPILER_GENERATE_SWIFT_ASSET_SYMBOL_EXTENSIONS = YES;
				CLANG_ANALYZER_NONNULL = YES;
				CLANG_ANALYZER_NUMBER_OBJECT_CONVERSION = YES_AGGRESSIVE;
				CLANG_CXX_LANGUAGE_STANDARD = "gnu++20";
				CLANG_ENABLE_MODULES = YES;
				CLANG_ENABLE_OBJC_ARC = YES;
				CLANG_ENABLE_OBJC_WEAK = YES;
				CLANG_WARN_BLOCK_CAPTURE_AUTORELEASING = YES;
				CLANG_WARN_BOOL_CONVERSION = YES;
				CLANG_WARN_COMMA = YES;
				CLANG_WARN_CONSTANT_CONVERSION = YES;
				CLANG_WARN_DEPRECATED_OBJC_IMPLEMENTATIONS = YES;
				CLANG_WARN_DIRECT_OBJC_ISA_USAGE = YES_ERROR;
				CLANG_WARN_DOCUMENTATION_COMMENTS = YES;
				CLANG_WARN_EMPTY_BODY = YES;
				CLANG_WARN_ENUM_CONVERSION = YES;
				CLANG_WARN_INFINITE_RECURSION = YES;
				CLANG_WARN_INT_CONVERSION = YES;
				CLANG_WARN_NON_LITERAL_NULL_CONVERSION = YES;
				CLANG_WARN_OBJC_IMPLICIT_RETAIN_SELF = YES;
				CLANG_WARN_OBJC_LITERAL_CONVERSION = YES;
				CLANG_WARN_OBJC_ROOT_CLASS = YES_ERROR;
				CLANG_WARN_QUOTED_INCLUDE_IN_FRAMEWORK_HEADER = YES;
				CLANG_WARN_RANGE_LOOP_ANALYSIS = YES;
				CLANG_WARN_STRICT_PROTOTYPES = YES;
				CLANG_WARN_SUSPICIOUS_MOVE = YES;
				CLANG_WARN_UNGUARDED_AVAILABILITY = YES_AGGRESSIVE;
				CLANG_WARN_UNREACHABLE_CODE = YES;
				CLANG_WARN__DUPLICATE_METHOD_MATCH = YES;
				COPY_PHASE_STRIP = NO;
				DEBUG_INFORMATION_FORMAT = dwarf;
				ENABLE_STRICT_OBJC_MSGSEND = YES;
				ENABLE_TESTABILITY = YES;
				ENABLE_USER_SCRIPT_SANDBOXING = YES;
				GCC_C_LANGUAGE_STANDARD = gnu17;
				GCC_DYNAMIC_NO_PIC = NO;
				GCC_NO_COMMON_BLOCKS = YES;
				GCC_OPTIMIZATION_LEVEL = 0;
				GCC_PREPROCESSOR_DEFINITIONS = (
					"DEBUG=1",
					"$(inherited)",
				);
				GCC_WARN_64_TO_32_BIT_CONVERSION = YES;
				GCC_WARN_ABOUT_RETURN_TYPE = YES_ERROR;
				GCC_WARN_UNDECLARED_SELECTOR = YES;
				GCC_WARN_UNINITIALIZED_AUTOS = YES_AGGRESSIVE;
				GCC_WARN_UNUSED_FUNCTION = YES;
				GCC_WARN_UNUSED_VARIABLE = YES;
				IPHONEOS_DEPLOYMENT_TARGET = 17.5;
				LOCALIZATION_PREFERS_STRING_CATALOGS = YES;
				MTL_ENABLE_DEBUG_INFO = INCLUDE_SOURCE;
				MTL_FAST_MATH = YES;
				ONLY_ACTIVE_ARCH = YES;
				SDKROOT = iphoneos;
				SWIFT_ACTIVE_COMPILATION_CONDITIONS = "DEBUG $(inherited)";
				SWIFT_OPTIMIZATION_LEVEL = "-Onone";
			};
			name = Debug;
		};
		95242CDA2CD1633200AFD35A /* Release */ = {
			isa = XCBuildConfiguration;
			buildSettings = {
				ALWAYS_SEARCH_USER_PATHS = NO;
				ASSETCATALOG_COMPILER_GENERATE_SWIFT_ASSET_SYMBOL_EXTENSIONS = YES;
				CLANG_ANALYZER_NONNULL = YES;
				CLANG_ANALYZER_NUMBER_OBJECT_CONVERSION = YES_AGGRESSIVE;
				CLANG_CXX_LANGUAGE_STANDARD = "gnu++20";
				CLANG_ENABLE_MODULES = YES;
				CLANG_ENABLE_OBJC_ARC = YES;
				CLANG_ENABLE_OBJC_WEAK = YES;
				CLANG_WARN_BLOCK_CAPTURE_AUTORELEASING = YES;
				CLANG_WARN_BOOL_CONVERSION = YES;
				CLANG_WARN_COMMA = YES;
				CLANG_WARN_CONSTANT_CONVERSION = YES;
				CLANG_WARN_DEPRECATED_OBJC_IMPLEMENTATIONS = YES;
				CLANG_WARN_DIRECT_OBJC_ISA_USAGE = YES_ERROR;
				CLANG_WARN_DOCUMENTATION_COMMENTS = YES;
				CLANG_WARN_EMPTY_BODY = YES;
				CLANG_WARN_ENUM_CONVERSION = YES;
				CLANG_WARN_INFINITE_RECURSION = YES;
				CLANG_WARN_INT_CONVERSION = YES;
				CLANG_WARN_NON_LITERAL_NULL_CONVERSION = YES;
				CLANG_WARN_OBJC_IMPLICIT_RETAIN_SELF = YES;
				CLANG_WARN_OBJC_LITERAL_CONVERSION = YES;
				CLANG_WARN_OBJC_ROOT_CLASS = YES_ERROR;
				CLANG_WARN_QUOTED_INCLUDE_IN_FRAMEWORK_HEADER = YES;
				CLANG_WARN_RANGE_LOOP_ANALYSIS = YES;
				CLANG_WARN_STRICT_PROTOTYPES = YES;
				CLANG_WARN_SUSPICIOUS_MOVE = YES;
				CLANG_WARN_UNGUARDED_AVAILABILITY = YES_AGGRESSIVE;
				CLANG_WARN_UNREACHABLE_CODE = YES;
				CLANG_WARN__DUPLICATE_METHOD_MATCH = YES;
				COPY_PHASE_STRIP = NO;
				DEBUG_INFORMATION_FORMAT = "dwarf-with-dsym";
				ENABLE_NS_ASSERTIONS = NO;
				ENABLE_STRICT_OBJC_MSGSEND = YES;
				ENABLE_USER_SCRIPT_SANDBOXING = YES;
				GCC_C_LANGUAGE_STANDARD = gnu17;
				GCC_NO_COMMON_BLOCKS = YES;
				GCC_WARN_64_TO_32_BIT_CONVERSION = YES;
				GCC_WARN_ABOUT_RETURN_TYPE = YES_ERROR;
				GCC_WARN_UNDECLARED_SELECTOR = YES;
				GCC_WARN_UNINITIALIZED_AUTOS = YES_AGGRESSIVE;
				GCC_WARN_UNUSED_FUNCTION = YES;
				GCC_WARN_UNUSED_VARIABLE = YES;
				IPHONEOS_DEPLOYMENT_TARGET = 17.5;
				LOCALIZATION_PREFERS_STRING_CATALOGS = YES;
				MTL_ENABLE_DEBUG_INFO = NO;
				MTL_FAST_MATH = YES;
				SDKROOT = iphoneos;
				SWIFT_COMPILATION_MODE = wholemodule;
				VALIDATE_PRODUCT = YES;
			};
			name = Release;
		};
		95242CDC2CD1633200AFD35A /* Debug */ = {
			isa = XCBuildConfiguration;
			buildSettings = {
				ASSETCATALOG_COMPILER_APPICON_NAME = AppIcon;
				ASSETCATALOG_COMPILER_GLOBAL_ACCENT_COLOR_NAME = AccentColor;
				CODE_SIGN_STYLE = Automatic;
				CURRENT_PROJECT_VERSION = 1;
				DEVELOPMENT_ASSET_PATHS = "\"swift-uppgift3/Preview Content\"";
				ENABLE_PREVIEWS = YES;
				GENERATE_INFOPLIST_FILE = YES;
				INFOPLIST_KEY_UIApplicationSceneManifest_Generation = YES;
				INFOPLIST_KEY_UIApplicationSupportsIndirectInputEvents = YES;
				INFOPLIST_KEY_UILaunchScreen_Generation = YES;
				INFOPLIST_KEY_UISupportedInterfaceOrientations_iPad = "UIInterfaceOrientationPortrait UIInterfaceOrientationPortraitUpsideDown UIInterfaceOrientationLandscapeLeft UIInterfaceOrientationLandscapeRight";
				INFOPLIST_KEY_UISupportedInterfaceOrientations_iPhone = "UIInterfaceOrientationPortrait UIInterfaceOrientationLandscapeLeft UIInterfaceOrientationLandscapeRight";
				LD_RUNPATH_SEARCH_PATHS = (
					"$(inherited)",
					"@executable_path/Frameworks",
				);
				MARKETING_VERSION = 1.0;
				PRODUCT_BUNDLE_IDENTIFIER = "dennis.swift-uppgift3";
				PRODUCT_NAME = "$(TARGET_NAME)";
				SWIFT_EMIT_LOC_STRINGS = YES;
				SWIFT_VERSION = 5.0;
				TARGETED_DEVICE_FAMILY = "1,2";
			};
			name = Debug;
		};
		95242CDD2CD1633200AFD35A /* Release */ = {
			isa = XCBuildConfiguration;
			buildSettings = {
				ASSETCATALOG_COMPILER_APPICON_NAME = AppIcon;
				ASSETCATALOG_COMPILER_GLOBAL_ACCENT_COLOR_NAME = AccentColor;
				CODE_SIGN_STYLE = Automatic;
				CURRENT_PROJECT_VERSION = 1;
				DEVELOPMENT_ASSET_PATHS = "\"swift-uppgift3/Preview Content\"";
				ENABLE_PREVIEWS = YES;
				GENERATE_INFOPLIST_FILE = YES;
				INFOPLIST_KEY_UIApplicationSceneManifest_Generation = YES;
				INFOPLIST_KEY_UIApplicationSupportsIndirectInputEvents = YES;
				INFOPLIST_KEY_UILaunchScreen_Generation = YES;
				INFOPLIST_KEY_UISupportedInterfaceOrientations_iPad = "UIInterfaceOrientationPortrait UIInterfaceOrientationPortraitUpsideDown UIInterfaceOrientationLandscapeLeft UIInterfaceOrientationLandscapeRight";
				INFOPLIST_KEY_UISupportedInterfaceOrientations_iPhone = "UIInterfaceOrientationPortrait UIInterfaceOrientationLandscapeLeft UIInterfaceOrientationLandscapeRight";
				LD_RUNPATH_SEARCH_PATHS = (
					"$(inherited)",
					"@executable_path/Frameworks",
				);
				MARKETING_VERSION = 1.0;
				PRODUCT_BUNDLE_IDENTIFIER = "dennis.swift-uppgift3";
				PRODUCT_NAME = "$(TARGET_NAME)";
				SWIFT_EMIT_LOC_STRINGS = YES;
				SWIFT_VERSION = 5.0;
				TARGETED_DEVICE_FAMILY = "1,2";
			};
			name = Release;
		};
		95242CDF2CD1633200AFD35A /* Debug */ = {
			isa = XCBuildConfiguration;
			buildSettings = {
				ALWAYS_EMBED_SWIFT_STANDARD_LIBRARIES = YES;
				BUNDLE_LOADER = "$(TEST_HOST)";
				CODE_SIGN_STYLE = Automatic;
				CURRENT_PROJECT_VERSION = 1;
				GENERATE_INFOPLIST_FILE = YES;
				IPHONEOS_DEPLOYMENT_TARGET = 17.5;
				MARKETING_VERSION = 1.0;
				PRODUCT_BUNDLE_IDENTIFIER = "dennis.swift-uppgift3Tests";
				PRODUCT_NAME = "$(TARGET_NAME)";
				SWIFT_EMIT_LOC_STRINGS = NO;
				SWIFT_VERSION = 5.0;
				TARGETED_DEVICE_FAMILY = "1,2";
				TEST_HOST = "$(BUILT_PRODUCTS_DIR)/swift-uppgift3.app/$(BUNDLE_EXECUTABLE_FOLDER_PATH)/swift-uppgift3";
			};
			name = Debug;
		};
		95242CE02CD1633200AFD35A /* Release */ = {
			isa = XCBuildConfiguration;
			buildSettings = {
				ALWAYS_EMBED_SWIFT_STANDARD_LIBRARIES = YES;
				BUNDLE_LOADER = "$(TEST_HOST)";
				CODE_SIGN_STYLE = Automatic;
				CURRENT_PROJECT_VERSION = 1;
				GENERATE_INFOPLIST_FILE = YES;
				IPHONEOS_DEPLOYMENT_TARGET = 17.5;
				MARKETING_VERSION = 1.0;
				PRODUCT_BUNDLE_IDENTIFIER = "dennis.swift-uppgift3Tests";
				PRODUCT_NAME = "$(TARGET_NAME)";
				SWIFT_EMIT_LOC_STRINGS = NO;
				SWIFT_VERSION = 5.0;
				TARGETED_DEVICE_FAMILY = "1,2";
				TEST_HOST = "$(BUILT_PRODUCTS_DIR)/swift-uppgift3.app/$(BUNDLE_EXECUTABLE_FOLDER_PATH)/swift-uppgift3";
			};
			name = Release;
		};
		95242CE22CD1633200AFD35A /* Debug */ = {
			isa = XCBuildConfiguration;
			buildSettings = {
				ALWAYS_EMBED_SWIFT_STANDARD_LIBRARIES = YES;
				CODE_SIGN_STYLE = Automatic;
				CURRENT_PROJECT_VERSION = 1;
				GENERATE_INFOPLIST_FILE = YES;
				MARKETING_VERSION = 1.0;
				PRODUCT_BUNDLE_IDENTIFIER = "dennis.swift-uppgift3UITests";
				PRODUCT_NAME = "$(TARGET_NAME)";
				SWIFT_EMIT_LOC_STRINGS = NO;
				SWIFT_VERSION = 5.0;
				TARGETED_DEVICE_FAMILY = "1,2";
				TEST_TARGET_NAME = "swift-uppgift3";
			};
			name = Debug;
		};
		95242CE32CD1633200AFD35A /* Release */ = {
			isa = XCBuildConfiguration;
			buildSettings = {
				ALWAYS_EMBED_SWIFT_STANDARD_LIBRARIES = YES;
				CODE_SIGN_STYLE = Automatic;
				CURRENT_PROJECT_VERSION = 1;
				GENERATE_INFOPLIST_FILE = YES;
				MARKETING_VERSION = 1.0;
				PRODUCT_BUNDLE_IDENTIFIER = "dennis.swift-uppgift3UITests";
				PRODUCT_NAME = "$(TARGET_NAME)";
				SWIFT_EMIT_LOC_STRINGS = NO;
				SWIFT_VERSION = 5.0;
				TARGETED_DEVICE_FAMILY = "1,2";
				TEST_TARGET_NAME = "swift-uppgift3";
			};
			name = Release;
		};
/* End XCBuildConfiguration section */

/* Begin XCConfigurationList section */
		95242CB22CD1632F00AFD35A /* Build configuration list for PBXProject "swift-uppgift3" */ = {
			isa = XCConfigurationList;
			buildConfigurations = (
				95242CD92CD1633200AFD35A /* Debug */,
				95242CDA2CD1633200AFD35A /* Release */,
			);
			defaultConfigurationIsVisible = 0;
			defaultConfigurationName = Release;
		};
		95242CDB2CD1633200AFD35A /* Build configuration list for PBXNativeTarget "swift-uppgift3" */ = {
			isa = XCConfigurationList;
			buildConfigurations = (
				95242CDC2CD1633200AFD35A /* Debug */,
				95242CDD2CD1633200AFD35A /* Release */,
			);
			defaultConfigurationIsVisible = 0;
			defaultConfigurationName = Release;
		};
		95242CDE2CD1633200AFD35A /* Build configuration list for PBXNativeTarget "swift-uppgift3Tests" */ = {
			isa = XCConfigurationList;
			buildConfigurations = (
				95242CDF2CD1633200AFD35A /* Debug */,
				95242CE02CD1633200AFD35A /* Release */,
			);
			defaultConfigurationIsVisible = 0;
			defaultConfigurationName = Release;
		};
		95242CE12CD1633200AFD35A /* Build configuration list for PBXNativeTarget "swift-uppgift3UITests" */ = {
			isa = XCConfigurationList;
			buildConfigurations = (
				95242CE22CD1633200AFD35A /* Debug */,
				95242CE32CD1633200AFD35A /* Release */,
			);
			defaultConfigurationIsVisible = 0;
			defaultConfigurationName = Release;
		};
/* End XCConfigurationList section */
	};
	rootObject = 95242CAF2CD1632F00AFD35A /* Project object */;
}
